
Microsoft Visual Studio Solution File, Format Version 12.00
# Visual Studio Version 17
VisualStudioVersion = 17.3.32825.248
MinimumVisualStudioVersion = 10.0.40219.1
Project("{FAE04EC0-301F-11D3-BF4B-00C04F79EFBC}") = "Q1", "Q1\Q1.csproj", "{770C8913-2889-4C8D-982C-73DE096D3128}"
EndProject
Project("{FAE04EC0-301F-11D3-BF4B-00C04F79EFBC}") = "Q2", "Q2\Q2.csproj", "{9CF4D6CA-FA23-403D-B62F-7BD7159D5695}"
EndProject
Project("{FAE04EC0-301F-11D3-BF4B-00C04F79EFBC}") = "Q3", "Q3\Q3.csproj", "{4D5BDCEF-AD90-4DA7-95BD-909D066A6E9E}"
EndProject
Project("{FAE04EC0-301F-11D3-BF4B-00C04F79EFBC}") = "Q4", "Q4\Q4.csproj", "{3949394C-AA25-4079-B1F8-D793A20AA1EC}"
EndProject
Global
	GlobalSection(SolutionConfigurationPlatforms) = preSolution
		Debug|Any CPU = Debug|Any CPU
		Release|Any CPU = Release|Any CPU
	EndGlobalSection
	GlobalSection(ProjectConfigurationPlatforms) = postSolution
		{770C8913-2889-4C8D-982C-73DE096D3128}.Debug|Any CPU.ActiveCfg = Debug|Any CPU
		{770C8913-2889-4C8D-982C-73DE096D3128}.Debug|Any CPU.Build.0 = Debug|Any CPU
		{770C8913-2889-4C8D-982C-73DE096D3128}.Release|Any CPU.ActiveCfg = Release|Any CPU
		{770C8913-2889-4C8D-982C-73DE096D3128}.Release|Any CPU.Build.0 = Release|Any CPU
		{9CF4D6CA-FA23-403D-B62F-7BD7159D5695}.Debug|Any CPU.ActiveCfg = Debug|Any CPU
		{9CF4D6CA-FA23-403D-B62F-7BD7159D5695}.Debug|Any CPU.Build.0 = Debug|Any CPU
		{9CF4D6CA-FA23-403D-B62F-7BD7159D5695}.Release|Any CPU.ActiveCfg = Release|Any CPU
		{9CF4D6CA-FA23-403D-B62F-7BD7159D5695}.Release|Any CPU.Build.0 = Release|Any CPU
		{4D5BDCEF-AD90-4DA7-95BD-909D066A6E9E}.Debug|Any CPU.ActiveCfg = Debug|Any CPU
		{4D5BDCEF-AD90-4DA7-95BD-909D066A6E9E}.Debug|Any CPU.Build.0 = Debug|Any CPU
		{4D5BDCEF-AD90-4DA7-95BD-909D066A6E9E}.Release|Any CPU.ActiveCfg = Release|Any CPU
		{4D5BDCEF-AD90-4DA7-95BD-909D066A6E9E}.Release|Any CPU.Build.0 = Release|Any CPU
		{3949394C-AA25-4079-B1F8-D793A20AA1EC}.Debug|Any CPU.ActiveCfg = Debug|Any CPU
		{3949394C-AA25-4079-B1F8-D793A20AA1EC}.Debug|Any CPU.Build.0 = Debug|Any CPU
		{3949394C-AA25-4079-B1F8-D793A20AA1EC}.Release|Any CPU.ActiveCfg = Release|Any CPU
		{3949394C-AA25-4079-B1F8-D793A20AA1EC}.Release|Any CPU.Build.0 = Release|Any CPU
	EndGlobalSection
	GlobalSection(SolutionProperties) = preSolution
		HideSolutionNode = FALSE
	EndGlobalSection
	GlobalSection(ExtensibilityGlobals) = postSolution
		SolutionGuid = {4BFC4588-645E-4C2D-8BB4-7FF0D2154918}
	EndGlobalSection
EndGlobal
